
Microsoft Visual Studio Solution File, Format Version 12.00
# Visual Studio Version 17
VisualStudioVersion = 17.4.33205.214
MinimumVisualStudioVersion = 10.0.40219.1
Project("{FAE04EC0-301F-11D3-BF4B-00C04F79EFBC}") = "IdentityAdvancedDemo", "IdentityAdvancedDemo\IdentityAdvancedDemo.csproj", "{C05C678E-339F-4F4F-8C97-D4D09854B308}"
EndProject
Global
	GlobalSection(SolutionConfigurationPlatforms) = preSolution
		Debug|Any CPU = Debug|Any CPU
		Release|Any CPU = Release|Any CPU
	EndGlobalSection
	GlobalSection(ProjectConfigurationPlatforms) = postSolution
		{C05C678E-339F-4F4F-8C97-D4D09854B308}.Debug|Any CPU.ActiveCfg = Debug|Any CPU
		{C05C678E-339F-4F4F-8C97-D4D09854B308}.Debug|Any CPU.Build.0 = Debug|Any CPU
		{C05C678E-339F-4F4F-8C97-D4D09854B308}.Release|Any CPU.ActiveCfg = Release|Any CPU
		{C05C678E-339F-4F4F-8C97-D4D09854B308}.Release|Any CPU.Build.0 = Release|Any CPU
	EndGlobalSection
	GlobalSection(SolutionProperties) = preSolution
		HideSolutionNode = FALSE
	EndGlobalSection
	GlobalSection(ExtensibilityGlobals) = postSolution
		SolutionGuid = {A9DF371E-11E7-40B4-A006-4EDAFF1217E8}
	EndGlobalSection
EndGlobal
