
Microsoft Visual Studio Solution File, Format Version 12.00
# Visual Studio Version 17
VisualStudioVersion = 17.4.33205.214
MinimumVisualStudioVersion = 10.0.40219.1
Project("{9A19103F-16F7-4668-BE54-9A1E7A4F7556}") = "WebShopDemo", "WebShopDemo\WebShopDemo.csproj", "{D14DC7A5-852B-4810-894E-028F539EE2C6}"
EndProject
Project("{9A19103F-16F7-4668-BE54-9A1E7A4F7556}") = "WebShopDemo.Core", "WebShopDemo.Core\WebShopDemo.Core.csproj", "{D5B7109B-785F-4C03-A3B5-50325190E1EA}"
EndProject
Project("{9A19103F-16F7-4668-BE54-9A1E7A4F7556}") = "WebShopDemo.Api", "WebShopDemo.Api\WebShopDemo.Api.csproj", "{8325FE2A-9EBA-43DA-83DF-A438C9ACB997}"
EndProject
Project("{9A19103F-16F7-4668-BE54-9A1E7A4F7556}") = "WebShopDemo.Grps", "WebShopDemo.Grps\WebShopDemo.Grps.csproj", "{A329DA42-7F77-4788-9E76-CC70B2AEFD3E}"
EndProject
Global
	GlobalSection(SolutionConfigurationPlatforms) = preSolution
		Debug|Any CPU = Debug|Any CPU
		Release|Any CPU = Release|Any CPU
	EndGlobalSection
	GlobalSection(ProjectConfigurationPlatforms) = postSolution
		{D14DC7A5-852B-4810-894E-028F539EE2C6}.Debug|Any CPU.ActiveCfg = Debug|Any CPU
		{D14DC7A5-852B-4810-894E-028F539EE2C6}.Debug|Any CPU.Build.0 = Debug|Any CPU
		{D14DC7A5-852B-4810-894E-028F539EE2C6}.Release|Any CPU.ActiveCfg = Release|Any CPU
		{D14DC7A5-852B-4810-894E-028F539EE2C6}.Release|Any CPU.Build.0 = Release|Any CPU
		{D5B7109B-785F-4C03-A3B5-50325190E1EA}.Debug|Any CPU.ActiveCfg = Debug|Any CPU
		{D5B7109B-785F-4C03-A3B5-50325190E1EA}.Debug|Any CPU.Build.0 = Debug|Any CPU
		{D5B7109B-785F-4C03-A3B5-50325190E1EA}.Release|Any CPU.ActiveCfg = Release|Any CPU
		{D5B7109B-785F-4C03-A3B5-50325190E1EA}.Release|Any CPU.Build.0 = Release|Any CPU
		{8325FE2A-9EBA-43DA-83DF-A438C9ACB997}.Debug|Any CPU.ActiveCfg = Debug|Any CPU
		{8325FE2A-9EBA-43DA-83DF-A438C9ACB997}.Debug|Any CPU.Build.0 = Debug|Any CPU
		{8325FE2A-9EBA-43DA-83DF-A438C9ACB997}.Release|Any CPU.ActiveCfg = Release|Any CPU
		{8325FE2A-9EBA-43DA-83DF-A438C9ACB997}.Release|Any CPU.Build.0 = Release|Any CPU
		{A329DA42-7F77-4788-9E76-CC70B2AEFD3E}.Debug|Any CPU.ActiveCfg = Debug|Any CPU
		{A329DA42-7F77-4788-9E76-CC70B2AEFD3E}.Debug|Any CPU.Build.0 = Debug|Any CPU
		{A329DA42-7F77-4788-9E76-CC70B2AEFD3E}.Release|Any CPU.ActiveCfg = Release|Any CPU
		{A329DA42-7F77-4788-9E76-CC70B2AEFD3E}.Release|Any CPU.Build.0 = Release|Any CPU
	EndGlobalSection
	GlobalSection(SolutionProperties) = preSolution
		HideSolutionNode = FALSE
	EndGlobalSection
	GlobalSection(ExtensibilityGlobals) = postSolution
		SolutionGuid = {6EAAA08A-1302-4615-8F74-ED1748453159}
	EndGlobalSection
EndGlobal
