
Microsoft Visual Studio Solution File, Format Version 12.00
# Visual Studio Version 17
VisualStudioVersion = 17.4.33205.214
MinimumVisualStudioVersion = 10.0.40219.1
Project("{9A19103F-16F7-4668-BE54-9A1E7A4F7556}") = "ConsoleApp1", "ConsoleApp1.csproj", "{AD9B7635-8984-4B0A-8C73-E841715CE934}"
EndProject
Global
	GlobalSection(SolutionConfigurationPlatforms) = preSolution
		Debug|Any CPU = Debug|Any CPU
		Release|Any CPU = Release|Any CPU
	EndGlobalSection
	GlobalSection(ProjectConfigurationPlatforms) = postSolution
		{AD9B7635-8984-4B0A-8C73-E841715CE934}.Debug|Any CPU.ActiveCfg = Debug|Any CPU
		{AD9B7635-8984-4B0A-8C73-E841715CE934}.Debug|Any CPU.Build.0 = Debug|Any CPU
		{AD9B7635-8984-4B0A-8C73-E841715CE934}.Release|Any CPU.ActiveCfg = Release|Any CPU
		{AD9B7635-8984-4B0A-8C73-E841715CE934}.Release|Any CPU.Build.0 = Release|Any CPU
	EndGlobalSection
	GlobalSection(SolutionProperties) = preSolution
		HideSolutionNode = FALSE
	EndGlobalSection
	GlobalSection(ExtensibilityGlobals) = postSolution
		SolutionGuid = {925DCACC-D323-44CD-B707-309C3E1D8D49}
	EndGlobalSection
EndGlobal
